
Microsoft Visual Studio Solution File, Format Version 12.00
# Visual Studio Version 16
VisualStudioVersion = 16.0.30907.101
MinimumVisualStudioVersion = 10.0.40219.1
Project("{9A19103F-16F7-4668-BE54-9A1E7A4F7556}") = "Jobsity.StockChat.WebApi", "Jobsity.StockChat.WebApi\Jobsity.StockChat.WebApi.csproj", "{02406200-E732-4BA6-97AB-CB8E11169128}"
EndProject
Project("{9A19103F-16F7-4668-BE54-9A1E7A4F7556}") = "Jobsity.StockChat.Tests", "Jobsity.StockChat.Tests\Jobsity.StockChat.Tests.csproj", "{B0D535A8-4554-4C72-B46C-59F24900D356}"
EndProject
Project("{9A19103F-16F7-4668-BE54-9A1E7A4F7556}") = "Jobsity.StockChat.Application", "Jobsity.StockChat.Application\Jobsity.StockChat.Application.csproj", "{F0B79C8F-3334-47DD-A7BC-B8C775A98430}"
EndProject
Project("{2150E333-8FDC-42A3-9474-1A3956D46DE8}") = "tests", "tests", "{CBC143B2-BA5E-4C1F-821E-3ADB6C41448B}"
EndProject
Project("{2150E333-8FDC-42A3-9474-1A3956D46DE8}") = "src", "src", "{027E9CD2-2624-44DF-82AE-F8EA5B868C97}"
EndProject
Project("{FAE04EC0-301F-11D3-BF4B-00C04F79EFBC}") = "Jobsity.StockChat.Workers", "Jobsity.StockChat.Workers\Jobsity.StockChat.Workers.csproj", "{3829C41A-C85F-4F13-A008-7C7AB5E1E897}"
EndProject
Global
	GlobalSection(SolutionConfigurationPlatforms) = preSolution
		Debug|Any CPU = Debug|Any CPU
		Release|Any CPU = Release|Any CPU
	EndGlobalSection
	GlobalSection(ProjectConfigurationPlatforms) = postSolution
		{02406200-E732-4BA6-97AB-CB8E11169128}.Debug|Any CPU.ActiveCfg = Debug|Any CPU
		{02406200-E732-4BA6-97AB-CB8E11169128}.Debug|Any CPU.Build.0 = Debug|Any CPU
		{02406200-E732-4BA6-97AB-CB8E11169128}.Release|Any CPU.ActiveCfg = Release|Any CPU
		{02406200-E732-4BA6-97AB-CB8E11169128}.Release|Any CPU.Build.0 = Release|Any CPU
		{B0D535A8-4554-4C72-B46C-59F24900D356}.Debug|Any CPU.ActiveCfg = Debug|Any CPU
		{B0D535A8-4554-4C72-B46C-59F24900D356}.Debug|Any CPU.Build.0 = Debug|Any CPU
		{B0D535A8-4554-4C72-B46C-59F24900D356}.Release|Any CPU.ActiveCfg = Release|Any CPU
		{B0D535A8-4554-4C72-B46C-59F24900D356}.Release|Any CPU.Build.0 = Release|Any CPU
		{F0B79C8F-3334-47DD-A7BC-B8C775A98430}.Debug|Any CPU.ActiveCfg = Debug|Any CPU
		{F0B79C8F-3334-47DD-A7BC-B8C775A98430}.Debug|Any CPU.Build.0 = Debug|Any CPU
		{F0B79C8F-3334-47DD-A7BC-B8C775A98430}.Release|Any CPU.ActiveCfg = Release|Any CPU
		{F0B79C8F-3334-47DD-A7BC-B8C775A98430}.Release|Any CPU.Build.0 = Release|Any CPU
		{3829C41A-C85F-4F13-A008-7C7AB5E1E897}.Debug|Any CPU.ActiveCfg = Debug|Any CPU
		{3829C41A-C85F-4F13-A008-7C7AB5E1E897}.Debug|Any CPU.Build.0 = Debug|Any CPU
		{3829C41A-C85F-4F13-A008-7C7AB5E1E897}.Release|Any CPU.ActiveCfg = Release|Any CPU
		{3829C41A-C85F-4F13-A008-7C7AB5E1E897}.Release|Any CPU.Build.0 = Release|Any CPU
	EndGlobalSection
	GlobalSection(SolutionProperties) = preSolution
		HideSolutionNode = FALSE
	EndGlobalSection
	GlobalSection(NestedProjects) = preSolution
		{02406200-E732-4BA6-97AB-CB8E11169128} = {027E9CD2-2624-44DF-82AE-F8EA5B868C97}
		{B0D535A8-4554-4C72-B46C-59F24900D356} = {CBC143B2-BA5E-4C1F-821E-3ADB6C41448B}
		{F0B79C8F-3334-47DD-A7BC-B8C775A98430} = {027E9CD2-2624-44DF-82AE-F8EA5B868C97}
		{3829C41A-C85F-4F13-A008-7C7AB5E1E897} = {027E9CD2-2624-44DF-82AE-F8EA5B868C97}
	EndGlobalSection
	GlobalSection(ExtensibilityGlobals) = postSolution
		SolutionGuid = {0D46F10F-31B2-43C5-807E-2A75B611E819}
	EndGlobalSection
EndGlobal
